<Solution>
  <Folder Name="/tests/">
    <Project Path="tests/AllItems.Automation.Core.Tests/AllItems.Automation.Core.Tests.csproj" />
  </Folder>
  <Project Path="AllItems.Automation.Browser.App/AllItems.Automation.Browser.App.csproj" />
  <Project Path="AllItems.Automation.Browser.Core/AllItems.Automation.Browser.Core.csproj" />
</Solution>
