<Solution>
  <Folder Name="/tests/">
    <Project Path="tests/WpfAutomation.Core.Tests/WpfAutomation.Core.Tests.csproj" />
  </Folder>
  <Project Path="AllItems.Automation.Browser/AllItems.Automation.Browser.csproj" />
  <Project Path="AllItems.Automation.Browser.Components/AllItems.Automation.Browser.Components.csproj" />
  <Project Path="AllItems.Automation.Browser.App/AllItems.Automation.Browser.App.csproj" />
  <Project Path="AllItems.Automation.Browser.Core/AllItems.Automation.Browser.Core.csproj" />
</Solution>
